
Microsoft Visual Studio Solution File, Format Version 12.00
# Visual Studio 2012
Project("{2150E333-8FDC-42A3-9474-1A3956D46DE8}") = ".nuget", ".nuget", "{7625D353-5A83-4856-A0FA-ECC0B28B01A3}"
	ProjectSection(SolutionItems) = preProject
		.nuget\NuGet.Config = .nuget\NuGet.Config
		.nuget\NuGet.exe = .nuget\NuGet.exe
		.nuget\NuGet.targets = .nuget\NuGet.targets
	EndProjectSection
EndProject
Project("{FAE04EC0-301F-11D3-BF4B-00C04F79EFBC}") = "ControllerPathViewEngine", "ControllerPathViewEngine\ControllerPathViewEngine.csproj", "{DEA26FF9-764B-4600-AD21-9FB20C2801D2}"
EndProject
Project("{FAE04EC0-301F-11D3-BF4B-00C04F79EFBC}") = "ControllerPathViewEngine.Tests", "ControllerPathViewEngine.Tests\ControllerPathViewEngine.Tests.csproj", "{92925D74-90A4-4A40-9157-DBFE25119AB5}"
EndProject
Project("{FAE04EC0-301F-11D3-BF4B-00C04F79EFBC}") = "ControllerPathViewEngine.SimpleDemo", "ControllerPathViewEngine.SimpleDemo\ControllerPathViewEngine.SimpleDemo.csproj", "{A41363E6-4338-4037-9B21-C222717FFCCB}"
EndProject
Project("{FAE04EC0-301F-11D3-BF4B-00C04F79EFBC}") = "ControllerPathViewEngine.MoreComplexDemo", "ControllerPathViewEngine.MoreComplexDemo\ControllerPathViewEngine.MoreComplexDemo.csproj", "{4255F018-5270-41BE-83E0-A71BD858CC71}"
EndProject
Global
	GlobalSection(SolutionConfigurationPlatforms) = preSolution
		Debug|Any CPU = Debug|Any CPU
		Release|Any CPU = Release|Any CPU
	EndGlobalSection
	GlobalSection(ProjectConfigurationPlatforms) = postSolution
		{DEA26FF9-764B-4600-AD21-9FB20C2801D2}.Debug|Any CPU.ActiveCfg = Debug|Any CPU
		{DEA26FF9-764B-4600-AD21-9FB20C2801D2}.Debug|Any CPU.Build.0 = Debug|Any CPU
		{DEA26FF9-764B-4600-AD21-9FB20C2801D2}.Release|Any CPU.ActiveCfg = Release|Any CPU
		{DEA26FF9-764B-4600-AD21-9FB20C2801D2}.Release|Any CPU.Build.0 = Release|Any CPU
		{92925D74-90A4-4A40-9157-DBFE25119AB5}.Debug|Any CPU.ActiveCfg = Debug|Any CPU
		{92925D74-90A4-4A40-9157-DBFE25119AB5}.Debug|Any CPU.Build.0 = Debug|Any CPU
		{92925D74-90A4-4A40-9157-DBFE25119AB5}.Release|Any CPU.ActiveCfg = Release|Any CPU
		{92925D74-90A4-4A40-9157-DBFE25119AB5}.Release|Any CPU.Build.0 = Release|Any CPU
		{A41363E6-4338-4037-9B21-C222717FFCCB}.Debug|Any CPU.ActiveCfg = Debug|Any CPU
		{A41363E6-4338-4037-9B21-C222717FFCCB}.Debug|Any CPU.Build.0 = Debug|Any CPU
		{A41363E6-4338-4037-9B21-C222717FFCCB}.Release|Any CPU.ActiveCfg = Release|Any CPU
		{A41363E6-4338-4037-9B21-C222717FFCCB}.Release|Any CPU.Build.0 = Release|Any CPU
		{4255F018-5270-41BE-83E0-A71BD858CC71}.Debug|Any CPU.ActiveCfg = Debug|Any CPU
		{4255F018-5270-41BE-83E0-A71BD858CC71}.Debug|Any CPU.Build.0 = Debug|Any CPU
		{4255F018-5270-41BE-83E0-A71BD858CC71}.Release|Any CPU.ActiveCfg = Release|Any CPU
		{4255F018-5270-41BE-83E0-A71BD858CC71}.Release|Any CPU.Build.0 = Release|Any CPU
	EndGlobalSection
	GlobalSection(SolutionProperties) = preSolution
		HideSolutionNode = FALSE
	EndGlobalSection
EndGlobal
